
Microsoft Visual Studio Solution File, Format Version 12.00
# Visual Studio Version 17
VisualStudioVersion = 17.3.32922.545
MinimumVisualStudioVersion = 10.0.40219.1
Project("{FAE04EC0-301F-11D3-BF4B-00C04F79EFBC}") = "Gunluk", "Gunluk\Gunluk.csproj", "{45A90CE1-119F-4E06-A896-59FFA40531FD}"
EndProject
Project("{2150E333-8FDC-42A3-9474-1A3956D46DE8}") = "Solution Items", "Solution Items", "{AE061A3C-391A-4633-9E6E-C269E1ABD6DC}"
	ProjectSection(SolutionItems) = preProject
		README.md = README.md
	EndProjectSection
EndProject
Global
	GlobalSection(SolutionConfigurationPlatforms) = preSolution
		Debug|Any CPU = Debug|Any CPU
		Release|Any CPU = Release|Any CPU
	EndGlobalSection
	GlobalSection(ProjectConfigurationPlatforms) = postSolution
		{45A90CE1-119F-4E06-A896-59FFA40531FD}.Debug|Any CPU.ActiveCfg = Debug|Any CPU
		{45A90CE1-119F-4E06-A896-59FFA40531FD}.Debug|Any CPU.Build.0 = Debug|Any CPU
		{45A90CE1-119F-4E06-A896-59FFA40531FD}.Release|Any CPU.ActiveCfg = Release|Any CPU
		{45A90CE1-119F-4E06-A896-59FFA40531FD}.Release|Any CPU.Build.0 = Release|Any CPU
	EndGlobalSection
	GlobalSection(SolutionProperties) = preSolution
		HideSolutionNode = FALSE
	EndGlobalSection
	GlobalSection(ExtensibilityGlobals) = postSolution
		SolutionGuid = {7C93A773-3496-4040-A4CB-9F9BAE120545}
	EndGlobalSection
EndGlobal
